
Microsoft Visual Studio Solution File, Format Version 12.00
# Visual Studio Version 17
VisualStudioVersion = 17.9.34723.18
MinimumVisualStudioVersion = 10.0.40219.1
Project("{FAE04EC0-301F-11D3-BF4B-00C04F79EFBC}") = "BTBackendOnline2", "BTBackendOnline2\BTBackendOnline2.csproj", "{E6130D8D-8438-458D-81D9-8267171B6073}"
EndProject
Global
	GlobalSection(SolutionConfigurationPlatforms) = preSolution
		Debug|Any CPU = Debug|Any CPU
		Release|Any CPU = Release|Any CPU
	EndGlobalSection
	GlobalSection(ProjectConfigurationPlatforms) = postSolution
		{E6130D8D-8438-458D-81D9-8267171B6073}.Debug|Any CPU.ActiveCfg = Debug|Any CPU
		{E6130D8D-8438-458D-81D9-8267171B6073}.Debug|Any CPU.Build.0 = Debug|Any CPU
		{E6130D8D-8438-458D-81D9-8267171B6073}.Release|Any CPU.ActiveCfg = Release|Any CPU
		{E6130D8D-8438-458D-81D9-8267171B6073}.Release|Any CPU.Build.0 = Release|Any CPU
	EndGlobalSection
	GlobalSection(SolutionProperties) = preSolution
		HideSolutionNode = FALSE
	EndGlobalSection
	GlobalSection(ExtensibilityGlobals) = postSolution
		SolutionGuid = {0F83E53D-CA44-42C3-B044-0C907CD8C59C}
	EndGlobalSection
EndGlobal
